
Microsoft Visual Studio Solution File, Format Version 12.00
# Visual Studio 15
VisualStudioVersion = 15.0.28010.2046
MinimumVisualStudioVersion = 10.0.40219.1
Project("{9A19103F-16F7-4668-BE54-9A1E7A4F7556}") = "P03_SalesDatabase", "P03_SalesDatabase.csproj", "{ED98B23C-CA22-4778-9712-7DADE7B1B9DB}"
EndProject
Global
	GlobalSection(SolutionConfigurationPlatforms) = preSolution
		Debug|Any CPU = Debug|Any CPU
		Release|Any CPU = Release|Any CPU
	EndGlobalSection
	GlobalSection(ProjectConfigurationPlatforms) = postSolution
		{ED98B23C-CA22-4778-9712-7DADE7B1B9DB}.Debug|Any CPU.ActiveCfg = Debug|Any CPU
		{ED98B23C-CA22-4778-9712-7DADE7B1B9DB}.Debug|Any CPU.Build.0 = Debug|Any CPU
		{ED98B23C-CA22-4778-9712-7DADE7B1B9DB}.Release|Any CPU.ActiveCfg = Release|Any CPU
		{ED98B23C-CA22-4778-9712-7DADE7B1B9DB}.Release|Any CPU.Build.0 = Release|Any CPU
	EndGlobalSection
	GlobalSection(SolutionProperties) = preSolution
		HideSolutionNode = FALSE
	EndGlobalSection
	GlobalSection(ExtensibilityGlobals) = postSolution
		SolutionGuid = {447221F5-75B6-4D24-B83D-7C23322A93D7}
	EndGlobalSection
EndGlobal
